
Microsoft Visual Studio Solution File, Format Version 12.00
# Visual Studio Version 17
VisualStudioVersion = 17.8.34511.84
MinimumVisualStudioVersion = 10.0.40219.1
Project("{FAE04EC0-301F-11D3-BF4B-00C04F79EFBC}") = "TestP", "TestP\TestP.csproj", "{C877B31A-E52A-4995-A652-CE059ACA74C4}"
EndProject
Project("{E53339B2-1760-4266-BCC7-CA923CBCF16C}") = "docker-compose", "docker-compose.dcproj", "{DC63651C-D043-48FB-9C75-0EFFC28C2BB0}"
EndProject
Global
	GlobalSection(SolutionConfigurationPlatforms) = preSolution
		Debug|Any CPU = Debug|Any CPU
		Release|Any CPU = Release|Any CPU
	EndGlobalSection
	GlobalSection(ProjectConfigurationPlatforms) = postSolution
		{C877B31A-E52A-4995-A652-CE059ACA74C4}.Debug|Any CPU.ActiveCfg = Debug|Any CPU
		{C877B31A-E52A-4995-A652-CE059ACA74C4}.Debug|Any CPU.Build.0 = Debug|Any CPU
		{C877B31A-E52A-4995-A652-CE059ACA74C4}.Release|Any CPU.ActiveCfg = Release|Any CPU
		{C877B31A-E52A-4995-A652-CE059ACA74C4}.Release|Any CPU.Build.0 = Release|Any CPU
		{DC63651C-D043-48FB-9C75-0EFFC28C2BB0}.Debug|Any CPU.ActiveCfg = Debug|Any CPU
		{DC63651C-D043-48FB-9C75-0EFFC28C2BB0}.Debug|Any CPU.Build.0 = Debug|Any CPU
		{DC63651C-D043-48FB-9C75-0EFFC28C2BB0}.Release|Any CPU.ActiveCfg = Release|Any CPU
		{DC63651C-D043-48FB-9C75-0EFFC28C2BB0}.Release|Any CPU.Build.0 = Release|Any CPU
	EndGlobalSection
	GlobalSection(SolutionProperties) = preSolution
		HideSolutionNode = FALSE
	EndGlobalSection
	GlobalSection(ExtensibilityGlobals) = postSolution
		SolutionGuid = {06A9A3DA-DADE-4B11-8084-A5B0BB16CEBB}
	EndGlobalSection
EndGlobal
